
Microsoft Visual Studio Solution File, Format Version 12.00
# Visual Studio 2012
Project("{FAE04EC0-301F-11D3-BF4B-00C04F79EFBC}") = "Scheduler4", "Scheduler4\Scheduler4.csproj", "{B2157504-CED1-47D2-B168-5146252D7F07}"
EndProject
Project("{FAE04EC0-301F-11D3-BF4B-00C04F79EFBC}") = "ConsoleApplication1", "ConsoleApplication1\ConsoleApplication1.csproj", "{6350F491-CBC7-48C9-AEC5-0E2AE40D77EC}"
EndProject
Project("{FAE04EC0-301F-11D3-BF4B-00C04F79EFBC}") = "ThreadSafeCollections", "ThreadSafeCollections\ThreadSafeCollections\ThreadSafeCollections.csproj", "{15C67C85-E2B8-4D80-87DC-07218F072869}"
EndProject
Global
	GlobalSection(SolutionConfigurationPlatforms) = preSolution
		Debug|Any CPU = Debug|Any CPU
		Debug|Mixed Platforms = Debug|Mixed Platforms
		Debug|x86 = Debug|x86
		Release|Any CPU = Release|Any CPU
		Release|Mixed Platforms = Release|Mixed Platforms
		Release|x86 = Release|x86
	EndGlobalSection
	GlobalSection(ProjectConfigurationPlatforms) = postSolution
		{B2157504-CED1-47D2-B168-5146252D7F07}.Debug|Any CPU.ActiveCfg = Debug|Any CPU
		{B2157504-CED1-47D2-B168-5146252D7F07}.Debug|Any CPU.Build.0 = Debug|Any CPU
		{B2157504-CED1-47D2-B168-5146252D7F07}.Debug|Mixed Platforms.ActiveCfg = Debug|Any CPU
		{B2157504-CED1-47D2-B168-5146252D7F07}.Debug|Mixed Platforms.Build.0 = Debug|Any CPU
		{B2157504-CED1-47D2-B168-5146252D7F07}.Debug|x86.ActiveCfg = Debug|Any CPU
		{B2157504-CED1-47D2-B168-5146252D7F07}.Release|Any CPU.ActiveCfg = Release|Any CPU
		{B2157504-CED1-47D2-B168-5146252D7F07}.Release|Any CPU.Build.0 = Release|Any CPU
		{B2157504-CED1-47D2-B168-5146252D7F07}.Release|Mixed Platforms.ActiveCfg = Release|Any CPU
		{B2157504-CED1-47D2-B168-5146252D7F07}.Release|Mixed Platforms.Build.0 = Release|Any CPU
		{B2157504-CED1-47D2-B168-5146252D7F07}.Release|x86.ActiveCfg = Release|Any CPU
		{6350F491-CBC7-48C9-AEC5-0E2AE40D77EC}.Debug|Any CPU.ActiveCfg = Debug|x86
		{6350F491-CBC7-48C9-AEC5-0E2AE40D77EC}.Debug|Mixed Platforms.ActiveCfg = Debug|x86
		{6350F491-CBC7-48C9-AEC5-0E2AE40D77EC}.Debug|Mixed Platforms.Build.0 = Debug|x86
		{6350F491-CBC7-48C9-AEC5-0E2AE40D77EC}.Debug|x86.ActiveCfg = Debug|x86
		{6350F491-CBC7-48C9-AEC5-0E2AE40D77EC}.Debug|x86.Build.0 = Debug|x86
		{6350F491-CBC7-48C9-AEC5-0E2AE40D77EC}.Release|Any CPU.ActiveCfg = Release|x86
		{6350F491-CBC7-48C9-AEC5-0E2AE40D77EC}.Release|Mixed Platforms.ActiveCfg = Release|x86
		{6350F491-CBC7-48C9-AEC5-0E2AE40D77EC}.Release|Mixed Platforms.Build.0 = Release|x86
		{6350F491-CBC7-48C9-AEC5-0E2AE40D77EC}.Release|x86.ActiveCfg = Release|x86
		{6350F491-CBC7-48C9-AEC5-0E2AE40D77EC}.Release|x86.Build.0 = Release|x86
		{15C67C85-E2B8-4D80-87DC-07218F072869}.Debug|Any CPU.ActiveCfg = Debug|Any CPU
		{15C67C85-E2B8-4D80-87DC-07218F072869}.Debug|Any CPU.Build.0 = Debug|Any CPU
		{15C67C85-E2B8-4D80-87DC-07218F072869}.Debug|Mixed Platforms.ActiveCfg = Debug|Any CPU
		{15C67C85-E2B8-4D80-87DC-07218F072869}.Debug|Mixed Platforms.Build.0 = Debug|Any CPU
		{15C67C85-E2B8-4D80-87DC-07218F072869}.Debug|x86.ActiveCfg = Debug|Any CPU
		{15C67C85-E2B8-4D80-87DC-07218F072869}.Release|Any CPU.ActiveCfg = Release|Any CPU
		{15C67C85-E2B8-4D80-87DC-07218F072869}.Release|Any CPU.Build.0 = Release|Any CPU
		{15C67C85-E2B8-4D80-87DC-07218F072869}.Release|Mixed Platforms.ActiveCfg = Release|Any CPU
		{15C67C85-E2B8-4D80-87DC-07218F072869}.Release|Mixed Platforms.Build.0 = Release|Any CPU
		{15C67C85-E2B8-4D80-87DC-07218F072869}.Release|x86.ActiveCfg = Release|Any CPU
	EndGlobalSection
	GlobalSection(SolutionProperties) = preSolution
		HideSolutionNode = FALSE
	EndGlobalSection
EndGlobal
